
Microsoft Visual Studio Solution File, Format Version 12.00
# Visual Studio Version 16
VisualStudioVersion = 16.0.30309.148
MinimumVisualStudioVersion = 10.0.40219.1
Project("{FAE04EC0-301F-11D3-BF4B-00C04F79EFBC}") = "Console input", "Console input\Console input.csproj", "{46BDB0CC-5C45-4613-8DB8-8D7A8080BA1D}"
EndProject
Global
	GlobalSection(SolutionConfigurationPlatforms) = preSolution
		Debug|Any CPU = Debug|Any CPU
		Release|Any CPU = Release|Any CPU
	EndGlobalSection
	GlobalSection(ProjectConfigurationPlatforms) = postSolution
		{46BDB0CC-5C45-4613-8DB8-8D7A8080BA1D}.Debug|Any CPU.ActiveCfg = Debug|Any CPU
		{46BDB0CC-5C45-4613-8DB8-8D7A8080BA1D}.Debug|Any CPU.Build.0 = Debug|Any CPU
		{46BDB0CC-5C45-4613-8DB8-8D7A8080BA1D}.Release|Any CPU.ActiveCfg = Release|Any CPU
		{46BDB0CC-5C45-4613-8DB8-8D7A8080BA1D}.Release|Any CPU.Build.0 = Release|Any CPU
	EndGlobalSection
	GlobalSection(SolutionProperties) = preSolution
		HideSolutionNode = FALSE
	EndGlobalSection
	GlobalSection(ExtensibilityGlobals) = postSolution
		SolutionGuid = {377FE93E-EB07-4F14-830C-1C8CD4649F46}
	EndGlobalSection
EndGlobal
